
Microsoft Visual Studio Solution File, Format Version 12.00
# Visual Studio Version 17
VisualStudioVersion = 17.9.34607.119
MinimumVisualStudioVersion = 10.0.40219.1
Project("{FAE04EC0-301F-11D3-BF4B-00C04F79EFBC}") = "May.Siber.TestCase", "May.Siber.TestCase\May.Siber.TestCase.csproj", "{77D9D5CA-DFF6-4D60-B6E5-CE49D60A96CF}"
EndProject
Project("{FAE04EC0-301F-11D3-BF4B-00C04F79EFBC}") = "May.Siber.TestCase.Tests", "May.Siber.TestCase.Tests\May.Siber.TestCase.Tests.csproj", "{DF828322-EA8A-47A7-8B8A-A5D8453621E5}"
EndProject
Global
	GlobalSection(SolutionConfigurationPlatforms) = preSolution
		Debug|Any CPU = Debug|Any CPU
		Release|Any CPU = Release|Any CPU
	EndGlobalSection
	GlobalSection(ProjectConfigurationPlatforms) = postSolution
		{77D9D5CA-DFF6-4D60-B6E5-CE49D60A96CF}.Debug|Any CPU.ActiveCfg = Debug|Any CPU
		{77D9D5CA-DFF6-4D60-B6E5-CE49D60A96CF}.Debug|Any CPU.Build.0 = Debug|Any CPU
		{77D9D5CA-DFF6-4D60-B6E5-CE49D60A96CF}.Release|Any CPU.ActiveCfg = Release|Any CPU
		{77D9D5CA-DFF6-4D60-B6E5-CE49D60A96CF}.Release|Any CPU.Build.0 = Release|Any CPU
		{DF828322-EA8A-47A7-8B8A-A5D8453621E5}.Debug|Any CPU.ActiveCfg = Debug|Any CPU
		{DF828322-EA8A-47A7-8B8A-A5D8453621E5}.Debug|Any CPU.Build.0 = Debug|Any CPU
		{DF828322-EA8A-47A7-8B8A-A5D8453621E5}.Release|Any CPU.ActiveCfg = Release|Any CPU
		{DF828322-EA8A-47A7-8B8A-A5D8453621E5}.Release|Any CPU.Build.0 = Release|Any CPU
	EndGlobalSection
	GlobalSection(SolutionProperties) = preSolution
		HideSolutionNode = FALSE
	EndGlobalSection
	GlobalSection(ExtensibilityGlobals) = postSolution
		SolutionGuid = {29B0EB81-2F9F-4F03-8421-84F7A533CF77}
	EndGlobalSection
EndGlobal
